
Microsoft Visual Studio Solution File, Format Version 12.00
# Visual Studio Version 17
VisualStudioVersion = 17.9.34622.214
MinimumVisualStudioVersion = 10.0.40219.1
Project("{9A19103F-16F7-4668-BE54-9A1E7A4F7556}") = "ServerData", "ServerData\ServerData.csproj", "{588DABA8-47E3-4C35-8662-DFF74BBACF1B}"
EndProject
Project("{9A19103F-16F7-4668-BE54-9A1E7A4F7556}") = "ServerDataTest", "ServerDataTest\ServerDataTest.csproj", "{B8D14D12-08D6-40D2-AE61-3A8DBA4E18EB}"
EndProject
Project("{9A19103F-16F7-4668-BE54-9A1E7A4F7556}") = "ServerLogic", "ServerLogic\ServerLogic.csproj", "{B6A9A63F-8EA3-4DBD-92FB-C520D44A0841}"
EndProject
Project("{9A19103F-16F7-4668-BE54-9A1E7A4F7556}") = "ServerLogicTest", "ServerLogicTest\ServerLogicTest.csproj", "{DE00FD57-ADF7-4D4A-BF66-6512BC6FC1FB}"
EndProject
Project("{2150E333-8FDC-42A3-9474-1A3956D46DE8}") = "ClientPresentation", "ClientPresentation", "{E521AC7E-5035-49C2-8539-736673F4608C}"
EndProject
Project("{9A19103F-16F7-4668-BE54-9A1E7A4F7556}") = "Model", "Model\Model.csproj", "{5CE9F14A-522B-458B-9F94-1F15A8BF65B4}"
EndProject
Project("{9A19103F-16F7-4668-BE54-9A1E7A4F7556}") = "ViewModel", "ViewModel\ViewModel.csproj", "{D554C442-EF13-4DC8-82E3-38395523DA15}"
EndProject
Project("{9A19103F-16F7-4668-BE54-9A1E7A4F7556}") = "View", "View\View.csproj", "{11F61308-E710-49AA-8F7C-9A9047179982}"
EndProject
Project("{2150E333-8FDC-42A3-9474-1A3956D46DE8}") = "Solution Items", "Solution Items", "{08F26D1B-777A-4D8F-BDC8-E895862E966D}"
	ProjectSection(SolutionItems) = preProject
		.gitignore = .gitignore
		README.md = README.md
	EndProjectSection
EndProject
Project("{2150E333-8FDC-42A3-9474-1A3956D46DE8}") = "Client", "Client", "{E9653D16-D68C-4E9A-BB6F-F433DE0A1937}"
EndProject
Project("{2150E333-8FDC-42A3-9474-1A3956D46DE8}") = "Server", "Server", "{E4B2F834-DD97-42A1-B7ED-4E8EEC36E584}"
EndProject
Project("{9A19103F-16F7-4668-BE54-9A1E7A4F7556}") = "ServerPresentation", "ServerPresentation\ServerPresentation.csproj", "{B5866D77-FFAF-40AF-97B8-45C8B3F47EAA}"
EndProject
Project("{9A19103F-16F7-4668-BE54-9A1E7A4F7556}") = "ClientLogic", "ClientLogic\ClientLogic.csproj", "{8E58F443-8D25-4590-A66D-91D5F3A4DEE0}"
EndProject
Project("{9A19103F-16F7-4668-BE54-9A1E7A4F7556}") = "ClientData", "ClientData\ClientData.csproj", "{831A593B-9124-425E-A1E4-D198BE9DE956}"
EndProject
Global
	GlobalSection(SolutionConfigurationPlatforms) = preSolution
		Debug|Any CPU = Debug|Any CPU
		Release|Any CPU = Release|Any CPU
	EndGlobalSection
	GlobalSection(ProjectConfigurationPlatforms) = postSolution
		{588DABA8-47E3-4C35-8662-DFF74BBACF1B}.Debug|Any CPU.ActiveCfg = Debug|Any CPU
		{588DABA8-47E3-4C35-8662-DFF74BBACF1B}.Debug|Any CPU.Build.0 = Debug|Any CPU
		{588DABA8-47E3-4C35-8662-DFF74BBACF1B}.Release|Any CPU.ActiveCfg = Release|Any CPU
		{588DABA8-47E3-4C35-8662-DFF74BBACF1B}.Release|Any CPU.Build.0 = Release|Any CPU
		{B8D14D12-08D6-40D2-AE61-3A8DBA4E18EB}.Debug|Any CPU.ActiveCfg = Debug|Any CPU
		{B8D14D12-08D6-40D2-AE61-3A8DBA4E18EB}.Debug|Any CPU.Build.0 = Debug|Any CPU
		{B8D14D12-08D6-40D2-AE61-3A8DBA4E18EB}.Release|Any CPU.ActiveCfg = Release|Any CPU
		{B8D14D12-08D6-40D2-AE61-3A8DBA4E18EB}.Release|Any CPU.Build.0 = Release|Any CPU
		{B6A9A63F-8EA3-4DBD-92FB-C520D44A0841}.Debug|Any CPU.ActiveCfg = Debug|Any CPU
		{B6A9A63F-8EA3-4DBD-92FB-C520D44A0841}.Debug|Any CPU.Build.0 = Debug|Any CPU
		{B6A9A63F-8EA3-4DBD-92FB-C520D44A0841}.Release|Any CPU.ActiveCfg = Release|Any CPU
		{B6A9A63F-8EA3-4DBD-92FB-C520D44A0841}.Release|Any CPU.Build.0 = Release|Any CPU
		{DE00FD57-ADF7-4D4A-BF66-6512BC6FC1FB}.Debug|Any CPU.ActiveCfg = Debug|Any CPU
		{DE00FD57-ADF7-4D4A-BF66-6512BC6FC1FB}.Debug|Any CPU.Build.0 = Debug|Any CPU
		{DE00FD57-ADF7-4D4A-BF66-6512BC6FC1FB}.Release|Any CPU.ActiveCfg = Release|Any CPU
		{DE00FD57-ADF7-4D4A-BF66-6512BC6FC1FB}.Release|Any CPU.Build.0 = Release|Any CPU
		{5CE9F14A-522B-458B-9F94-1F15A8BF65B4}.Debug|Any CPU.ActiveCfg = Debug|Any CPU
		{5CE9F14A-522B-458B-9F94-1F15A8BF65B4}.Debug|Any CPU.Build.0 = Debug|Any CPU
		{5CE9F14A-522B-458B-9F94-1F15A8BF65B4}.Release|Any CPU.ActiveCfg = Release|Any CPU
		{5CE9F14A-522B-458B-9F94-1F15A8BF65B4}.Release|Any CPU.Build.0 = Release|Any CPU
		{D554C442-EF13-4DC8-82E3-38395523DA15}.Debug|Any CPU.ActiveCfg = Debug|Any CPU
		{D554C442-EF13-4DC8-82E3-38395523DA15}.Debug|Any CPU.Build.0 = Debug|Any CPU
		{D554C442-EF13-4DC8-82E3-38395523DA15}.Release|Any CPU.ActiveCfg = Release|Any CPU
		{D554C442-EF13-4DC8-82E3-38395523DA15}.Release|Any CPU.Build.0 = Release|Any CPU
		{11F61308-E710-49AA-8F7C-9A9047179982}.Debug|Any CPU.ActiveCfg = Debug|Any CPU
		{11F61308-E710-49AA-8F7C-9A9047179982}.Debug|Any CPU.Build.0 = Debug|Any CPU
		{11F61308-E710-49AA-8F7C-9A9047179982}.Release|Any CPU.ActiveCfg = Release|Any CPU
		{11F61308-E710-49AA-8F7C-9A9047179982}.Release|Any CPU.Build.0 = Release|Any CPU
		{B5866D77-FFAF-40AF-97B8-45C8B3F47EAA}.Debug|Any CPU.ActiveCfg = Debug|Any CPU
		{B5866D77-FFAF-40AF-97B8-45C8B3F47EAA}.Debug|Any CPU.Build.0 = Debug|Any CPU
		{B5866D77-FFAF-40AF-97B8-45C8B3F47EAA}.Release|Any CPU.ActiveCfg = Release|Any CPU
		{B5866D77-FFAF-40AF-97B8-45C8B3F47EAA}.Release|Any CPU.Build.0 = Release|Any CPU
		{8E58F443-8D25-4590-A66D-91D5F3A4DEE0}.Debug|Any CPU.ActiveCfg = Debug|Any CPU
		{8E58F443-8D25-4590-A66D-91D5F3A4DEE0}.Debug|Any CPU.Build.0 = Debug|Any CPU
		{8E58F443-8D25-4590-A66D-91D5F3A4DEE0}.Release|Any CPU.ActiveCfg = Release|Any CPU
		{8E58F443-8D25-4590-A66D-91D5F3A4DEE0}.Release|Any CPU.Build.0 = Release|Any CPU
		{831A593B-9124-425E-A1E4-D198BE9DE956}.Debug|Any CPU.ActiveCfg = Debug|Any CPU
		{831A593B-9124-425E-A1E4-D198BE9DE956}.Debug|Any CPU.Build.0 = Debug|Any CPU
		{831A593B-9124-425E-A1E4-D198BE9DE956}.Release|Any CPU.ActiveCfg = Release|Any CPU
		{831A593B-9124-425E-A1E4-D198BE9DE956}.Release|Any CPU.Build.0 = Release|Any CPU
	EndGlobalSection
	GlobalSection(SolutionProperties) = preSolution
		HideSolutionNode = FALSE
	EndGlobalSection
	GlobalSection(NestedProjects) = preSolution
		{588DABA8-47E3-4C35-8662-DFF74BBACF1B} = {E4B2F834-DD97-42A1-B7ED-4E8EEC36E584}
		{B8D14D12-08D6-40D2-AE61-3A8DBA4E18EB} = {E4B2F834-DD97-42A1-B7ED-4E8EEC36E584}
		{B6A9A63F-8EA3-4DBD-92FB-C520D44A0841} = {E4B2F834-DD97-42A1-B7ED-4E8EEC36E584}
		{DE00FD57-ADF7-4D4A-BF66-6512BC6FC1FB} = {E4B2F834-DD97-42A1-B7ED-4E8EEC36E584}
		{E521AC7E-5035-49C2-8539-736673F4608C} = {E9653D16-D68C-4E9A-BB6F-F433DE0A1937}
		{5CE9F14A-522B-458B-9F94-1F15A8BF65B4} = {E521AC7E-5035-49C2-8539-736673F4608C}
		{D554C442-EF13-4DC8-82E3-38395523DA15} = {E521AC7E-5035-49C2-8539-736673F4608C}
		{11F61308-E710-49AA-8F7C-9A9047179982} = {E521AC7E-5035-49C2-8539-736673F4608C}
		{B5866D77-FFAF-40AF-97B8-45C8B3F47EAA} = {E4B2F834-DD97-42A1-B7ED-4E8EEC36E584}
		{8E58F443-8D25-4590-A66D-91D5F3A4DEE0} = {E9653D16-D68C-4E9A-BB6F-F433DE0A1937}
		{831A593B-9124-425E-A1E4-D198BE9DE956} = {E9653D16-D68C-4E9A-BB6F-F433DE0A1937}
	EndGlobalSection
	GlobalSection(ExtensibilityGlobals) = postSolution
		SolutionGuid = {1032C4BB-2162-4174-9BBE-C3FCA078AEBD}
	EndGlobalSection
EndGlobal
