
Microsoft Visual Studio Solution File, Format Version 12.00
# Visual Studio Version 17
VisualStudioVersion = 17.9.34622.214
MinimumVisualStudioVersion = 10.0.40219.1
Project("{FAE04EC0-301F-11D3-BF4B-00C04F79EFBC}") = "Example", "Example\Example.csproj", "{C60B0842-BF83-4F1E-B865-3EF6A6DEE2DA}"
EndProject
Project("{FAE04EC0-301F-11D3-BF4B-00C04F79EFBC}") = "ExampleTest", "ExampleTest\ExampleTest.csproj", "{B2F604F1-B684-440D-B3E6-879B2FC16D40}"
EndProject
Global
	GlobalSection(SolutionConfigurationPlatforms) = preSolution
		Debug|Any CPU = Debug|Any CPU
		Release|Any CPU = Release|Any CPU
	EndGlobalSection
	GlobalSection(ProjectConfigurationPlatforms) = postSolution
		{C60B0842-BF83-4F1E-B865-3EF6A6DEE2DA}.Debug|Any CPU.ActiveCfg = Debug|Any CPU
		{C60B0842-BF83-4F1E-B865-3EF6A6DEE2DA}.Debug|Any CPU.Build.0 = Debug|Any CPU
		{C60B0842-BF83-4F1E-B865-3EF6A6DEE2DA}.Release|Any CPU.ActiveCfg = Release|Any CPU
		{C60B0842-BF83-4F1E-B865-3EF6A6DEE2DA}.Release|Any CPU.Build.0 = Release|Any CPU
		{B2F604F1-B684-440D-B3E6-879B2FC16D40}.Debug|Any CPU.ActiveCfg = Debug|Any CPU
		{B2F604F1-B684-440D-B3E6-879B2FC16D40}.Debug|Any CPU.Build.0 = Debug|Any CPU
		{B2F604F1-B684-440D-B3E6-879B2FC16D40}.Release|Any CPU.ActiveCfg = Release|Any CPU
		{B2F604F1-B684-440D-B3E6-879B2FC16D40}.Release|Any CPU.Build.0 = Release|Any CPU
	EndGlobalSection
	GlobalSection(SolutionProperties) = preSolution
		HideSolutionNode = FALSE
	EndGlobalSection
	GlobalSection(ExtensibilityGlobals) = postSolution
		SolutionGuid = {1032C4BB-2162-4174-9BBE-C3FCA078AEBD}
	EndGlobalSection
EndGlobal
